PODS:
  - Capacitor (2.0.0-beta.0):
    - CapacitorCordova (= 2.0.0-beta.0)
  - CapacitorCordova (2.0.0-beta.0)
  - CordovaPlugins (2.0.0-beta.0):
    - CapacitorCordova
  - SimulatorStatusMagic (2.4.1)

DEPENDENCIES:
  - "Capacitor (from `../../node_modules/@capacitor/ios`)"
  - "CapacitorCordova (from `../../node_modules/@capacitor/ios`)"
  - CordovaPlugins (from `../capacitor-cordova-ios-plugins`)
  - SimulatorStatusMagic

SPEC REPOS:
  trunk:
    - SimulatorStatusMagic

EXTERNAL SOURCES:
  Capacitor:
    :path: "../../node_modules/@capacitor/ios"
  CapacitorCordova:
    :path: "../../node_modules/@capacitor/ios"
  CordovaPlugins:
    :path: "../capacitor-cordova-ios-plugins"

SPEC CHECKSUMS:
  Capacitor: 01cf9ecc618a1e0cafa1f423f535b29e467c9618
  CapacitorCordova: 4875e9664fcc029e33ebd55e115b5d6db9ebb70a
  CordovaPlugins: e5d2a114b1fb74a1b55530f70e9ed2c1d960c234
  SimulatorStatusMagic: 28d4a9d1a500ac7cea0b2b5a43c1c6ddb40ba56c

PODFILE CHECKSUM: 0c9fc09dc6eb6db93dcb82656bcaee2c17bef2b6

COCOAPODS: 1.9.1
